// !$*UTF8*$!
{
	archiveVersion = 1;
	classes = {
	};
	objectVersion = 77;
	objects = {

/* Begin PBXBuildFile section */
		ABE346DD2F4DA02D00E966C5 /* GoogleSignIn in Frameworks */ = {isa = PBXBuildFile; productRef = ABE346DC2F4DA02D00E966C5 /* GoogleSignIn */; };
		ABE346DF2F4DA02D00E966C5 /* GoogleSignInSwift in Frameworks */ = {isa = PBXBuildFile; productRef = ABE346DE2F4DA02D00E966C5 /* GoogleSignInSwift */; };
		ABE346E22F4DA4D200E966C5 /* FirebaseAnalytics in Frameworks */ = {isa = PBXBuildFile; productRef = ABE346E12F4DA4D200E966C5 /* FirebaseAnalytics */; };
		ABE346E42F4DA4D200E966C5 /* FirebaseAuth in Frameworks */ = {isa = PBXBuildFile; productRef = ABE346E32F4DA4D200E966C5 /* FirebaseAuth */; };
		ABE346E62F4DA4D200E966C5 /* FirebaseAuthCombine-Community in Frameworks */ = {isa = PBXBuildFile; productRef = ABE346E52F4DA4D200E966C5 /* FirebaseAuthCombine-Community */; };
		ABE346E82F4DA4D200E966C5 /* FirebaseCore in Frameworks */ = {isa = PBXBuildFile; productRef = ABE346E72F4DA4D200E966C5 /* FirebaseCore */; };
		ABE346EA2F4DA4D200E966C5 /* FirebaseCrashlytics in Frameworks */ = {isa = PBXBuildFile; productRef = ABE346E92F4DA4D200E966C5 /* FirebaseCrashlytics */; };
		ABE346EC2F4DA4D200E966C5 /* FirebaseFirestore in Frameworks */ = {isa = PBXBuildFile; productRef = ABE346EB2F4DA4D200E966C5 /* FirebaseFirestore */; };
		ABE346EE2F4DA4D200E966C5 /* FirebaseFirestoreCombine-Community in Frameworks */ = {isa = PBXBuildFile; productRef = ABE346ED2F4DA4D200E966C5 /* FirebaseFirestoreCombine-Community */; };
		ABE346F02F4DA4D200E966C5 /* FirebaseInAppMessaging-Beta in Frameworks */ = {isa = PBXBuildFile; productRef = ABE346EF2F4DA4D200E966C5 /* FirebaseInAppMessaging-Beta */; };
		ABE346F22F4DA4D200E966C5 /* FirebaseMessaging in Frameworks */ = {isa = PBXBuildFile; productRef = ABE346F12F4DA4D200E966C5 /* FirebaseMessaging */; };
		ABE346F42F4DA4D200E966C5 /* FirebaseStorage in Frameworks */ = {isa = PBXBuildFile; productRef = ABE346F32F4DA4D200E966C5 /* FirebaseStorage */; };
/* End PBXBuildFile section */

/* Begin PBXFileReference section */
		F8A31092FF4775AA7A2916F6 /* NutriSport.app */ = {isa = PBXFileReference; explicitFileType = wrapper.application; includeInIndex = 0; path = NutriSport.app; sourceTree = BUILT_PRODUCTS_DIR; };
/* End PBXFileReference section */

/* Begin PBXFileSystemSynchronizedBuildFileExceptionSet section */
		6C32739C078A279F775CE22D /* Exceptions for "iosApp" folder in "iosApp" target */ = {
			isa = PBXFileSystemSynchronizedBuildFileExceptionSet;
			membershipExceptions = (
				Info.plist,
			);
			target = 51B4C633DEE646C08141D848 /* iosApp */;
		};
/* End PBXFileSystemSynchronizedBuildFileExceptionSet section */

/* Begin PBXFileSystemSynchronizedRootGroup section */
		265660205334C1020D19F352 /* Configuration */ = {
			isa = PBXFileSystemSynchronizedRootGroup;
			path = Configuration;
			sourceTree = "<group>";
		};
		4E15468C7F0EBFA0004AA36F /* iosApp */ = {
			isa = PBXFileSystemSynchronizedRootGroup;
			exceptions = (
				6C32739C078A279F775CE22D /* Exceptions for "iosApp" folder in "iosApp" target */,
			);
			path = iosApp;
			sourceTree = "<group>";
		};
/* End PBXFileSystemSynchronizedRootGroup section */

/* Begin PBXFrameworksBuildPhase section */
		9DC30F0F6DBE03E888C75BB7 /* Frameworks */ = {
			isa = PBXFrameworksBuildPhase;
			buildActionMask = 2147483647;
			files = (
				ABE346DD2F4DA02D00E966C5 /* GoogleSignIn in Frameworks */,
				ABE346DF2F4DA02D00E966C5 /* GoogleSignInSwift in Frameworks */,
				ABE346E22F4DA4D200E966C5 /* FirebaseAnalytics in Frameworks */,
				ABE346EE2F4DA4D200E966C5 /* FirebaseFirestoreCombine-Community in Frameworks */,
				ABE346EA2F4DA4D200E966C5 /* FirebaseCrashlytics in Frameworks */,
				ABE346F42F4DA4D200E966C5 /* FirebaseStorage in Frameworks */,
				ABE346E42F4DA4D200E966C5 /* FirebaseAuth in Frameworks */,
				ABE346EC2F4DA4D200E966C5 /* FirebaseFirestore in Frameworks */,
				ABE346E82F4DA4D200E966C5 /* FirebaseCore in Frameworks */,
				ABE346E62F4DA4D200E966C5 /* FirebaseAuthCombine-Community in Frameworks */,
				ABE346F22F4DA4D200E966C5 /* FirebaseMessaging in Frameworks */,
				ABE346F02F4DA4D200E966C5 /* FirebaseInAppMessaging-Beta in Frameworks */,
			);
			runOnlyForDeploymentPostprocessing = 0;
		};
/* End PBXFrameworksBuildPhase section */

/* Begin PBXGroup section */
		3AF342061B310A56610D9189 /* Products */ = {
			isa = PBXGroup;
			children = (
				F8A31092FF4775AA7A2916F6 /* NutriSport.app */,
			);
			name = Products;
			sourceTree = "<group>";
		};
		A25E2D5ECF81AF4939D1E3B4 = {
			isa = PBXGroup;
			children = (
				265660205334C1020D19F352 /* Configuration */,
				4E15468C7F0EBFA0004AA36F /* iosApp */,
				3AF342061B310A56610D9189 /* Products */,
			);
			sourceTree = "<group>";
		};
/* End PBXGroup section */

/* Begin PBXNativeTarget section */
		51B4C633DEE646C08141D848 /* iosApp */ = {
			isa = PBXNativeTarget;
			buildConfigurationList = 031608E994B061EF7658B734 /* Build configuration list for PBXNativeTarget "iosApp" */;
			buildPhases = (
				68D36D4C49621B189A5A591F /* Compile Kotlin Framework */,
				21D8B231F3E13FB5DF75CBEB /* Sources */,
				9DC30F0F6DBE03E888C75BB7 /* Frameworks */,
				F2DF0935F96595E660793370 /* Resources */,
			);
			buildRules = (
			);
			dependencies = (
			);
			fileSystemSynchronizedGroups = (
				4E15468C7F0EBFA0004AA36F /* iosApp */,
			);
			name = iosApp;
			packageProductDependencies = (
				ABE346DC2F4DA02D00E966C5 /* GoogleSignIn */,
				ABE346DE2F4DA02D00E966C5 /* GoogleSignInSwift */,
				ABE346E12F4DA4D200E966C5 /* FirebaseAnalytics */,
				ABE346E32F4DA4D200E966C5 /* FirebaseAuth */,
				ABE346E52F4DA4D200E966C5 /* FirebaseAuthCombine-Community */,
				ABE346E72F4DA4D200E966C5 /* FirebaseCore */,
				ABE346E92F4DA4D200E966C5 /* FirebaseCrashlytics */,
				ABE346EB2F4DA4D200E966C5 /* FirebaseFirestore */,
				ABE346ED2F4DA4D200E966C5 /* FirebaseFirestoreCombine-Community */,
				ABE346EF2F4DA4D200E966C5 /* FirebaseInAppMessaging-Beta */,
				ABE346F12F4DA4D200E966C5 /* FirebaseMessaging */,
				ABE346F32F4DA4D200E966C5 /* FirebaseStorage */,
			);
			productName = iosApp;
			productReference = F8A31092FF4775AA7A2916F6 /* NutriSport.app */;
			productType = "com.apple.product-type.application";
		};
/* End PBXNativeTarget section */

/* Begin PBXProject section */
		FEC15D89E631549344960303 /* Project object */ = {
			isa = PBXProject;
			attributes = {
				BuildIndependentTargetsInParallel = 1;
				LastSwiftUpdateCheck = 1620;
				LastUpgradeCheck = 1620;
				TargetAttributes = {
					51B4C633DEE646C08141D848 = {
						CreatedOnToolsVersion = 16.2;
					};
				};
			};
			buildConfigurationList = EF1D3A82AEC775CB3DAA6FA3 /* Build configuration list for PBXProject "iosApp" */;
			developmentRegion = en;
			hasScannedForEncodings = 0;
			knownRegions = (
				en,
				Base,
			);
			mainGroup = A25E2D5ECF81AF4939D1E3B4;
			minimizedProjectReferenceProxies = 1;
			packageReferences = (
				ABE346DB2F4DA02D00E966C5 /* XCRemoteSwiftPackageReference "GoogleSignIn-iOS" */,
				ABE346E02F4DA4D200E966C5 /* XCRemoteSwiftPackageReference "firebase-ios-sdk" */,
			);
			preferredProjectObjectVersion = 77;
			productRefGroup = 3AF342061B310A56610D9189 /* Products */;
			projectDirPath = "";
			projectRoot = "";
			targets = (
				51B4C633DEE646C08141D848 /* iosApp */,
			);
		};
/* End PBXProject section */

/* Begin PBXResourcesBuildPhase section */
		F2DF0935F96595E660793370 /* Resources */ = {
			isa = PBXResourcesBuildPhase;
			buildActionMask = 2147483647;
			files = (
			);
			runOnlyForDeploymentPostprocessing = 0;
		};
/* End PBXResourcesBuildPhase section */

/* Begin PBXShellScriptBuildPhase section */
		68D36D4C49621B189A5A591F /* Compile Kotlin Framework */ = {
			isa = PBXShellScriptBuildPhase;
			alwaysOutOfDate = 1;
			buildActionMask = 2147483647;
			files = (
			);
			inputFileListPaths = (
			);
			inputPaths = (
			);
			name = "Compile Kotlin Framework";
			outputFileListPaths = (
			);
			outputPaths = (
			);
			runOnlyForDeploymentPostprocessing = 0;
			shellPath = /bin/sh;
			shellScript = "if [ \"YES\" = \"$OVERRIDE_KOTLIN_BUILD_IDE_SUPPORTED\" ]; then\n  echo \"Skipping Gradle build task invocation due to OVERRIDE_KOTLIN_BUILD_IDE_SUPPORTED environment variable set to \\\"YES\\\"\"\n  exit 0\nfi\ncd \"$SRCROOT/..\"\n./gradlew :composeApp:embedAndSignAppleFrameworkForXcode\n";
		};
/* End PBXShellScriptBuildPhase section */

/* Begin PBXSourcesBuildPhase section */
		21D8B231F3E13FB5DF75CBEB /* Sources */ = {
			isa = PBXSourcesBuildPhase;
			buildActionMask = 2147483647;
			files = (
			);
			runOnlyForDeploymentPostprocessing = 0;
		};
/* End PBXSourcesBuildPhase section */

/* Begin XCBuildConfiguration section */
		2B83E74AD75E36AA63C38349 /* Release */ = {
			isa = XCBuildConfiguration;
			buildSettings = {
				ARCHS = arm64;
				ASSETCATALOG_COMPILER_APPICON_NAME = AppIcon;
				ASSETCATALOG_COMPILER_GLOBAL_ACCENT_COLOR_NAME = AccentColor;
				CODE_SIGN_IDENTITY = "Apple Development";
				CODE_SIGN_STYLE = Automatic;
				DEVELOPMENT_ASSET_PATHS = "\"iosApp/Preview Content\"";
				DEVELOPMENT_TEAM = "${TEAM_ID}";
				ENABLE_PREVIEWS = YES;
				GENERATE_INFOPLIST_FILE = YES;
				INFOPLIST_FILE = iosApp/Info.plist;
				INFOPLIST_KEY_UIApplicationSceneManifest_Generation = YES;
				INFOPLIST_KEY_UIApplicationSupportsIndirectInputEvents = YES;
				INFOPLIST_KEY_UILaunchScreen_Generation = YES;
				INFOPLIST_KEY_UILaunchStoryboardName = "Launch Screen";
				INFOPLIST_KEY_UISupportedInterfaceOrientations_iPad = "UIInterfaceOrientationPortrait UIInterfaceOrientationPortraitUpsideDown UIInterfaceOrientationLandscapeLeft UIInterfaceOrientationLandscapeRight";
				INFOPLIST_KEY_UISupportedInterfaceOrientations_iPhone = "UIInterfaceOrientationPortrait UIInterfaceOrientationLandscapeLeft UIInterfaceOrientationLandscapeRight";
				LD_RUNPATH_SEARCH_PATHS = (
					"$(inherited)",
					"@executable_path/Frameworks",
				);
				SWIFT_EMIT_LOC_STRINGS = YES;
				SWIFT_VERSION = 5.0;
				TARGETED_DEVICE_FAMILY = "1,2";
			};
			name = Release;
		};
		A9382F451FC0AAD2A573DA37 /* Debug */ = {
			isa = XCBuildConfiguration;
			baseConfigurationReferenceAnchor = 265660205334C1020D19F352 /* Configuration */;
			baseConfigurationReferenceRelativePath = Config.xcconfig;
			buildSettings = {
				ALWAYS_SEARCH_USER_PATHS = NO;
				ASSETCATALOG_COMPILER_GENERATE_SWIFT_ASSET_SYMBOL_EXTENSIONS = YES;
				CLANG_ANALYZER_NONNULL = YES;
				CLANG_ANALYZER_NUMBER_OBJECT_CONVERSION = YES_AGGRESSIVE;
				CLANG_CXX_LANGUAGE_STANDARD = "gnu++20";
				CLANG_ENABLE_MODULES = YES;
				CLANG_ENABLE_OBJC_ARC = YES;
				CLANG_ENABLE_OBJC_WEAK = YES;
				CLANG_WARN_BLOCK_CAPTURE_AUTORELEASING = YES;
				CLANG_WARN_BOOL_CONVERSION = YES;
				CLANG_WARN_COMMA = YES;
				CLANG_WARN_CONSTANT_CONVERSION = YES;
				CLANG_WARN_DEPRECATED_OBJC_IMPLEMENTATIONS = YES;
				CLANG_WARN_DIRECT_OBJC_ISA_USAGE = YES_ERROR;
				CLANG_WARN_DOCUMENTATION_COMMENTS = YES;
				CLANG_WARN_EMPTY_BODY = YES;
				CLANG_WARN_ENUM_CONVERSION = YES;
				CLANG_WARN_INFINITE_RECURSION = YES;
				CLANG_WARN_INT_CONVERSION = YES;
				CLANG_WARN_NON_LITERAL_NULL_CONVERSION = YES;
				CLANG_WARN_OBJC_IMPLICIT_RETAIN_SELF = YES;
				CLANG_WARN_OBJC_LITERAL_CONVERSION = YES;
				CLANG_WARN_OBJC_ROOT_CLASS = YES_ERROR;
				CLANG_WARN_QUOTED_INCLUDE_IN_FRAMEWORK_HEADER = YES;
				CLANG_WARN_RANGE_LOOP_ANALYSIS = YES;
				CLANG_WARN_STRICT_PROTOTYPES = YES;
				CLANG_WARN_SUSPICIOUS_MOVE = YES;
				CLANG_WARN_UNGUARDED_AVAILABILITY = YES_AGGRESSIVE;
				CLANG_WARN_UNREACHABLE_CODE = YES;
				CLANG_WARN__DUPLICATE_METHOD_MATCH = YES;
				COPY_PHASE_STRIP = NO;
				DEBUG_INFORMATION_FORMAT = dwarf;
				ENABLE_STRICT_OBJC_MSGSEND = YES;
				ENABLE_TESTABILITY = YES;
				ENABLE_USER_SCRIPT_SANDBOXING = NO;
				GCC_C_LANGUAGE_STANDARD = gnu17;
				GCC_DYNAMIC_NO_PIC = NO;
				GCC_NO_COMMON_BLOCKS = YES;
				GCC_OPTIMIZATION_LEVEL = 0;
				GCC_PREPROCESSOR_DEFINITIONS = (
					"DEBUG=1",
					"$(inherited)",
				);
				GCC_WARN_64_TO_32_BIT_CONVERSION = YES;
				GCC_WARN_ABOUT_RETURN_TYPE = YES_ERROR;
				GCC_WARN_UNDECLARED_SELECTOR = YES;
				GCC_WARN_UNINITIALIZED_AUTOS = YES_AGGRESSIVE;
				GCC_WARN_UNUSED_FUNCTION = YES;
				GCC_WARN_UNUSED_VARIABLE = YES;
				IPHONEOS_DEPLOYMENT_TARGET = 18.2;
				LOCALIZATION_PREFERS_STRING_CATALOGS = YES;
				MTL_ENABLE_DEBUG_INFO = INCLUDE_SOURCE;
				MTL_FAST_MATH = YES;
				ONLY_ACTIVE_ARCH = YES;
				SDKROOT = iphoneos;
				SWIFT_ACTIVE_COMPILATION_CONDITIONS = "DEBUG $(inherited)";
				SWIFT_OPTIMIZATION_LEVEL = "-Onone";
			};
			name = Debug;
		};
		C43C9A94A926FADE93FB6C6F /* Debug */ = {
			isa = XCBuildConfiguration;
			buildSettings = {
				ARCHS = arm64;
				ASSETCATALOG_COMPILER_APPICON_NAME = AppIcon;
				ASSETCATALOG_COMPILER_GLOBAL_ACCENT_COLOR_NAME = AccentColor;
				CODE_SIGN_IDENTITY = "Apple Development";
				CODE_SIGN_STYLE = Automatic;
				DEVELOPMENT_ASSET_PATHS = "\"iosApp/Preview Content\"";
				DEVELOPMENT_TEAM = "${TEAM_ID}";
				ENABLE_PREVIEWS = YES;
				GENERATE_INFOPLIST_FILE = YES;
				INFOPLIST_FILE = iosApp/Info.plist;
				INFOPLIST_KEY_UIApplicationSceneManifest_Generation = YES;
				INFOPLIST_KEY_UIApplicationSupportsIndirectInputEvents = YES;
				INFOPLIST_KEY_UILaunchScreen_Generation = YES;
				INFOPLIST_KEY_UILaunchStoryboardName = "Launch Screen";
				INFOPLIST_KEY_UISupportedInterfaceOrientations_iPad = "UIInterfaceOrientationPortrait UIInterfaceOrientationPortraitUpsideDown UIInterfaceOrientationLandscapeLeft UIInterfaceOrientationLandscapeRight";
				INFOPLIST_KEY_UISupportedInterfaceOrientations_iPhone = "UIInterfaceOrientationPortrait UIInterfaceOrientationLandscapeLeft UIInterfaceOrientationLandscapeRight";
				LD_RUNPATH_SEARCH_PATHS = (
					"$(inherited)",
					"@executable_path/Frameworks",
				);
				SWIFT_EMIT_LOC_STRINGS = YES;
				SWIFT_VERSION = 5.0;
				TARGETED_DEVICE_FAMILY = "1,2";
			};
			name = Debug;
		};
		FA0FD56E8DCA77F44B4CC95B /* Release */ = {
			isa = XCBuildConfiguration;
			baseConfigurationReferenceAnchor = 265660205334C1020D19F352 /* Configuration */;
			baseConfigurationReferenceRelativePath = Config.xcconfig;
			buildSettings = {
				ALWAYS_SEARCH_USER_PATHS = NO;
				ASSETCATALOG_COMPILER_GENERATE_SWIFT_ASSET_SYMBOL_EXTENSIONS = YES;
				CLANG_ANALYZER_NONNULL = YES;
				CLANG_ANALYZER_NUMBER_OBJECT_CONVERSION = YES_AGGRESSIVE;
				CLANG_CXX_LANGUAGE_STANDARD = "gnu++20";
				CLANG_ENABLE_MODULES = YES;
				CLANG_ENABLE_OBJC_ARC = YES;
				CLANG_ENABLE_OBJC_WEAK = YES;
				CLANG_WARN_BLOCK_CAPTURE_AUTORELEASING = YES;
				CLANG_WARN_BOOL_CONVERSION = YES;
				CLANG_WARN_COMMA = YES;
				CLANG_WARN_CONSTANT_CONVERSION = YES;
				CLANG_WARN_DEPRECATED_OBJC_IMPLEMENTATIONS = YES;
				CLANG_WARN_DIRECT_OBJC_ISA_USAGE = YES_ERROR;
				CLANG_WARN_DOCUMENTATION_COMMENTS = YES;
				CLANG_WARN_EMPTY_BODY = YES;
				CLANG_WARN_ENUM_CONVERSION = YES;
				CLANG_WARN_INFINITE_RECURSION = YES;
				CLANG_WARN_INT_CONVERSION = YES;
				CLANG_WARN_NON_LITERAL_NULL_CONVERSION = YES;
				CLANG_WARN_OBJC_IMPLICIT_RETAIN_SELF = YES;
				CLANG_WARN_OBJC_LITERAL_CONVERSION = YES;
				CLANG_WARN_OBJC_ROOT_CLASS = YES_ERROR;
				CLANG_WARN_QUOTED_INCLUDE_IN_FRAMEWORK_HEADER = YES;
				CLANG_WARN_RANGE_LOOP_ANALYSIS = YES;
				CLANG_WARN_STRICT_PROTOTYPES = YES;
				CLANG_WARN_SUSPICIOUS_MOVE = YES;
				CLANG_WARN_UNGUARDED_AVAILABILITY = YES_AGGRESSIVE;
				CLANG_WARN_UNREACHABLE_CODE = YES;
				CLANG_WARN__DUPLICATE_METHOD_MATCH = YES;
				COPY_PHASE_STRIP = NO;
				DEBUG_INFORMATION_FORMAT = "dwarf-with-dsym";
				ENABLE_NS_ASSERTIONS = NO;
				ENABLE_STRICT_OBJC_MSGSEND = YES;
				ENABLE_USER_SCRIPT_SANDBOXING = NO;
				GCC_C_LANGUAGE_STANDARD = gnu17;
				GCC_NO_COMMON_BLOCKS = YES;
				GCC_WARN_64_TO_32_BIT_CONVERSION = YES;
				GCC_WARN_ABOUT_RETURN_TYPE = YES_ERROR;
				GCC_WARN_UNDECLARED_SELECTOR = YES;
				GCC_WARN_UNINITIALIZED_AUTOS = YES_AGGRESSIVE;
				GCC_WARN_UNUSED_FUNCTION = YES;
				GCC_WARN_UNUSED_VARIABLE = YES;
				IPHONEOS_DEPLOYMENT_TARGET = 18.2;
				LOCALIZATION_PREFERS_STRING_CATALOGS = YES;
				MTL_ENABLE_DEBUG_INFO = NO;
				MTL_FAST_MATH = YES;
				SDKROOT = iphoneos;
				SWIFT_COMPILATION_MODE = wholemodule;
				VALIDATE_PRODUCT = YES;
			};
			name = Release;
		};
/* End XCBuildConfiguration section */

/* Begin XCConfigurationList section */
		031608E994B061EF7658B734 /* Build configuration list for PBXNativeTarget "iosApp" */ = {
			isa = XCConfigurationList;
			buildConfigurations = (
				C43C9A94A926FADE93FB6C6F /* Debug */,
				2B83E74AD75E36AA63C38349 /* Release */,
			);
			defaultConfigurationIsVisible = 0;
			defaultConfigurationName = Release;
		};
		EF1D3A82AEC775CB3DAA6FA3 /* Build configuration list for PBXProject "iosApp" */ = {
			isa = XCConfigurationList;
			buildConfigurations = (
				A9382F451FC0AAD2A573DA37 /* Debug */,
				FA0FD56E8DCA77F44B4CC95B /* Release */,
			);
			defaultConfigurationIsVisible = 0;
			defaultConfigurationName = Release;
		};
/* End XCConfigurationList section */

/* Begin XCRemoteSwiftPackageReference section */
		ABE346DB2F4DA02D00E966C5 /* XCRemoteSwiftPackageReference "GoogleSignIn-iOS" */ = {
			isa = XCRemoteSwiftPackageReference;
			repositoryURL = "https://github.com/google/GoogleSignIn-iOS";
			requirement = {
				kind = upToNextMajorVersion;
				minimumVersion = 9.1.0;
			};
		};
		ABE346E02F4DA4D200E966C5 /* XCRemoteSwiftPackageReference "firebase-ios-sdk" */ = {
			isa = XCRemoteSwiftPackageReference;
			repositoryURL = "https://github.com/firebase/firebase-ios-sdk";
			requirement = {
				kind = upToNextMajorVersion;
				minimumVersion = 12.9.0;
			};
		};
/* End XCRemoteSwiftPackageReference section */

/* Begin XCSwiftPackageProductDependency section */
		ABE346DC2F4DA02D00E966C5 /* GoogleSignIn */ = {
			isa = XCSwiftPackageProductDependency;
			package = ABE346DB2F4DA02D00E966C5 /* XCRemoteSwiftPackageReference "GoogleSignIn-iOS" */;
			productName = GoogleSignIn;
		};
		ABE346DE2F4DA02D00E966C5 /* GoogleSignInSwift */ = {
			isa = XCSwiftPackageProductDependency;
			package = ABE346DB2F4DA02D00E966C5 /* XCRemoteSwiftPackageReference "GoogleSignIn-iOS" */;
			productName = GoogleSignInSwift;
		};
		ABE346E12F4DA4D200E966C5 /* FirebaseAnalytics */ = {
			isa = XCSwiftPackageProductDependency;
			package = ABE346E02F4DA4D200E966C5 /* XCRemoteSwiftPackageReference "firebase-ios-sdk" */;
			productName = FirebaseAnalytics;
		};
		ABE346E32F4DA4D200E966C5 /* FirebaseAuth */ = {
			isa = XCSwiftPackageProductDependency;
			package = ABE346E02F4DA4D200E966C5 /* XCRemoteSwiftPackageReference "firebase-ios-sdk" */;
			productName = FirebaseAuth;
		};
		ABE346E52F4DA4D200E966C5 /* FirebaseAuthCombine-Community */ = {
			isa = XCSwiftPackageProductDependency;
			package = ABE346E02F4DA4D200E966C5 /* XCRemoteSwiftPackageReference "firebase-ios-sdk" */;
			productName = "FirebaseAuthCombine-Community";
		};
		ABE346E72F4DA4D200E966C5 /* FirebaseCore */ = {
			isa = XCSwiftPackageProductDependency;
			package = ABE346E02F4DA4D200E966C5 /* XCRemoteSwiftPackageReference "firebase-ios-sdk" */;
			productName = FirebaseCore;
		};
		ABE346E92F4DA4D200E966C5 /* FirebaseCrashlytics */ = {
			isa = XCSwiftPackageProductDependency;
			package = ABE346E02F4DA4D200E966C5 /* XCRemoteSwiftPackageReference "firebase-ios-sdk" */;
			productName = FirebaseCrashlytics;
		};
		ABE346EB2F4DA4D200E966C5 /* FirebaseFirestore */ = {
			isa = XCSwiftPackageProductDependency;
			package = ABE346E02F4DA4D200E966C5 /* XCRemoteSwiftPackageReference "firebase-ios-sdk" */;
			productName = FirebaseFirestore;
		};
		ABE346ED2F4DA4D200E966C5 /* FirebaseFirestoreCombine-Community */ = {
			isa = XCSwiftPackageProductDependency;
			package = ABE346E02F4DA4D200E966C5 /* XCRemoteSwiftPackageReference "firebase-ios-sdk" */;
			productName = "FirebaseFirestoreCombine-Community";
		};
		ABE346EF2F4DA4D200E966C5 /* FirebaseInAppMessaging-Beta */ = {
			isa = XCSwiftPackageProductDependency;
			package = ABE346E02F4DA4D200E966C5 /* XCRemoteSwiftPackageReference "firebase-ios-sdk" */;
			productName = "FirebaseInAppMessaging-Beta";
		};
		ABE346F12F4DA4D200E966C5 /* FirebaseMessaging */ = {
			isa = XCSwiftPackageProductDependency;
			package = ABE346E02F4DA4D200E966C5 /* XCRemoteSwiftPackageReference "firebase-ios-sdk" */;
			productName = FirebaseMessaging;
		};
		ABE346F32F4DA4D200E966C5 /* FirebaseStorage */ = {
			isa = XCSwiftPackageProductDependency;
			package = ABE346E02F4DA4D200E966C5 /* XCRemoteSwiftPackageReference "firebase-ios-sdk" */;
			productName = FirebaseStorage;
		};
/* End XCSwiftPackageProductDependency section */
	};
	rootObject = FEC15D89E631549344960303 /* Project object */;
}
